
Microsoft Visual Studio Solution File, Format Version 12.00
# Visual Studio 15
VisualStudioVersion = 15.0.28010.2036
MinimumVisualStudioVersion = 10.0.40219.1
Project("{9A19103F-16F7-4668-BE54-9A1E7A4F7556}") = "thunder.auth", "thunder.auth\thunder.auth.csproj", "{FFBC1F7A-FC84-4179-948A-8D5E35AC3A56}"
EndProject
Global
	GlobalSection(SolutionConfigurationPlatforms) = preSolution
		Debug|Any CPU = Debug|Any CPU
		Release|Any CPU = Release|Any CPU
	EndGlobalSection
	GlobalSection(ProjectConfigurationPlatforms) = postSolution
		{FFBC1F7A-FC84-4179-948A-8D5E35AC3A56}.Debug|Any CPU.ActiveCfg = Debug|Any CPU
		{FFBC1F7A-FC84-4179-948A-8D5E35AC3A56}.Debug|Any CPU.Build.0 = Debug|Any CPU
		{FFBC1F7A-FC84-4179-948A-8D5E35AC3A56}.Release|Any CPU.ActiveCfg = Release|Any CPU
		{FFBC1F7A-FC84-4179-948A-8D5E35AC3A56}.Release|Any CPU.Build.0 = Release|Any CPU
	EndGlobalSection
	GlobalSection(SolutionProperties) = preSolution
		HideSolutionNode = FALSE
	EndGlobalSection
	GlobalSection(ExtensibilityGlobals) = postSolution
		SolutionGuid = {7A9E36FF-A0D8-4722-8BA2-293D8E585669}
	EndGlobalSection
EndGlobal
